
Microsoft Visual Studio Solution File, Format Version 12.00
# Visual Studio Version 16
VisualStudioVersion = 16.0.30907.101
MinimumVisualStudioVersion = 10.0.40219.1
Project("{FAE04EC0-301F-11D3-BF4B-00C04F79EFBC}") = "EmployeeManagement_DecoratorDesignPattern", "EmployeeManagement_DecoratorDesignPattern\EmployeeManagement_DecoratorDesignPattern.csproj", "{6937F71D-B664-4DD9-AC63-64864D6C5BAE}"
EndProject
Global
	GlobalSection(SolutionConfigurationPlatforms) = preSolution
		Debug|Any CPU = Debug|Any CPU
		Release|Any CPU = Release|Any CPU
	EndGlobalSection
	GlobalSection(ProjectConfigurationPlatforms) = postSolution
		{6937F71D-B664-4DD9-AC63-64864D6C5BAE}.Debug|Any CPU.ActiveCfg = Debug|Any CPU
		{6937F71D-B664-4DD9-AC63-64864D6C5BAE}.Debug|Any CPU.Build.0 = Debug|Any CPU
		{6937F71D-B664-4DD9-AC63-64864D6C5BAE}.Release|Any CPU.ActiveCfg = Release|Any CPU
		{6937F71D-B664-4DD9-AC63-64864D6C5BAE}.Release|Any CPU.Build.0 = Release|Any CPU
	EndGlobalSection
	GlobalSection(SolutionProperties) = preSolution
		HideSolutionNode = FALSE
	EndGlobalSection
	GlobalSection(ExtensibilityGlobals) = postSolution
		SolutionGuid = {C6ED77F3-E83A-4377-A761-4ADE1E23974F}
	EndGlobalSection
EndGlobal
